{
  "version": 4,
  "terraform_version": "1.1.4",
  "serial": 10,
  "lineage": "44207bc5-2c19-df3c-779d-1dc346958834",
  "outputs": {},
  "resources": [
    {
      "module": "module.newmod",
      "mode": "managed",
      "type": "google_compute_backend_service",
      "name": "default",
      "provider": "module.newmod.provider[\"registry.terraform.io/hashicorp/google\"]",
      "instances": []
    },
    {
      "module": "module.newmod",
      "mode": "managed",
      "type": "google_compute_firewall",
      "name": "fw-iap",
      "provider": "module.newmod.provider[\"registry.terraform.io/hashicorp/google\"]",
      "instances": []
    },
    {
      "module": "module.newmod",
      "mode": "managed",
      "type": "google_compute_firewall",
      "name": "fw-ilb-to-backends",
      "provider": "module.newmod.provider[\"registry.terraform.io/hashicorp/google\"]",
      "instances": []
    },
    {
      "module": "module.newmod",
      "mode": "managed",
      "type": "google_compute_global_address",
      "name": "private_ip_address",
      "provider": "module.newmod.provider[\"registry.terraform.io/hashicorp/google\"]",
      "instances": []
    },
    {
      "module": "module.newmod",
      "mode": "managed",
      "type": "google_compute_global_forwarding_rule",
      "name": "default",
      "provider": "module.newmod.provider[\"registry.terraform.io/hashicorp/google\"]",
      "instances": []
    },
    {
      "module": "module.newmod",
      "mode": "managed",
      "type": "google_compute_instance_template",
      "name": "instance_template",
      "provider": "module.newmod.provider[\"registry.terraform.io/hashicorp/google\"]",
      "instances": []
    },
    {
      "module": "module.newmod",
      "mode": "managed",
      "type": "google_compute_network",
      "name": "ilb_network",
      "provider": "module.newmod.provider[\"registry.terraform.io/hashicorp/google\"]",
      "instances": []
    },
    {
      "module": "module.newmod",
      "mode": "managed",
      "type": "google_compute_region_instance_group_manager",
      "name": "mig",
      "provider": "module.newmod.provider[\"registry.terraform.io/hashicorp/google\"]",
      "instances": []
    },
    {
      "module": "module.newmod",
      "mode": "managed",
      "type": "google_compute_subnetwork",
      "name": "ilb_subnet",
      "provider": "module.newmod.provider[\"registry.terraform.io/hashicorp/google\"]",
      "instances": []
    },
    {
      "module": "module.newmod",
      "mode": "managed",
      "type": "google_compute_target_http_proxy",
      "name": "default",
      "provider": "module.newmod.provider[\"registry.terraform.io/hashicorp/google\"]",
      "instances": []
    },
    {
      "module": "module.newmod",
      "mode": "managed",
      "type": "google_compute_url_map",
      "name": "default",
      "provider": "module.newmod.provider[\"registry.terraform.io/hashicorp/google\"]",
      "instances": []
    },
    {
      "module": "module.newmod",
      "mode": "managed",
      "type": "google_project_service",
      "name": "project",
      "provider": "module.newmod.provider[\"registry.terraform.io/hashicorp/google\"]",
      "instances": [
        {
          "index_key": 1,
          "schema_version": 0,
          "attributes": {
            "disable_dependent_services": null,
            "disable_on_destroy": true,
            "id": "test-tf-gcp2022/servicenetworking.googleapis.com",
            "project": "test-tf-gcp2022",
            "service": "servicenetworking.googleapis.com",
            "timeouts": null
          },
          "sensitive_attributes": [],
          "private": "eyJlMmJmYjczMC1lY2FhLTExZTYtOGY4OC0zNDM2M2JjN2M0YzAiOnsiY3JlYXRlIjoxMjAwMDAwMDAwMDAwLCJkZWxldGUiOjEyMDAwMDAwMDAwMDAsInJlYWQiOjYwMDAwMDAwMDAwMCwidXBkYXRlIjoxMjAwMDAwMDAwMDAwfX0=",
          "create_before_destroy": true
        },
        {
          "index_key": 2,
          "schema_version": 0,
          "attributes": {
            "disable_dependent_services": null,
            "disable_on_destroy": true,
            "id": "test-tf-gcp2022/sqladmin.googleapis.com",
            "project": "test-tf-gcp2022",
            "service": "sqladmin.googleapis.com",
            "timeouts": null
          },
          "sensitive_attributes": [],
          "private": "eyJlMmJmYjczMC1lY2FhLTExZTYtOGY4OC0zNDM2M2JjN2M0YzAiOnsiY3JlYXRlIjoxMjAwMDAwMDAwMDAwLCJkZWxldGUiOjEyMDAwMDAwMDAwMDAsInJlYWQiOjYwMDAwMDAwMDAwMCwidXBkYXRlIjoxMjAwMDAwMDAwMDAwfX0=",
          "create_before_destroy": true
        }
      ]
    },
    {
      "module": "module.newmod",
      "mode": "managed",
      "type": "google_service_networking_connection",
      "name": "private_vpc_connection",
      "provider": "module.newmod.provider[\"registry.terraform.io/hashicorp/google\"]",
      "instances": []
    },
    {
      "module": "module.newmod",
      "mode": "managed",
      "type": "google_sql_database",
      "name": "database",
      "provider": "module.newmod.provider[\"registry.terraform.io/hashicorp/google\"]",
      "instances": []
    },
    {
      "module": "module.newmod",
      "mode": "managed",
      "type": "google_sql_database_instance",
      "name": "mtr",
      "provider": "module.newmod.provider[\"registry.terraform.io/hashicorp/google\"]",
      "instances": []
    },
    {
      "module": "module.newmod",
      "mode": "managed",
      "type": "google_sql_user",
      "name": "users",
      "provider": "module.newmod.provider[\"registry.terraform.io/hashicorp/google\"]",
      "instances": []
    },
    {
      "module": "module.newmod",
      "mode": "managed",
      "type": "random_string",
      "name": "rs",
      "provider": "provider[\"registry.terraform.io/hashicorp/random\"]",
      "instances": [
        {
          "schema_version": 1,
          "attributes": {
            "id": "$*3W_W*}PH",
            "keepers": null,
            "length": 10,
            "lower": true,
            "min_lower": 0,
            "min_numeric": 0,
            "min_special": 0,
            "min_upper": 0,
            "number": true,
            "override_special": null,
            "result": "$*3W_W*}PH",
            "special": true,
            "upper": true
          },
          "sensitive_attributes": [],
          "private": "eyJzY2hlbWFfdmVyc2lvbiI6IjEifQ==",
          "create_before_destroy": true
        }
      ]
    }
  ]
}
